// !$*UTF8*$!
{
	archiveVersion = 1;
	classes = {
	};
	objectVersion = 50;
	objects = {

/* Begin PBXBuildFile section */
		342C459322C8787200D11052 /* AppDelegate.swift in Sources */ = {isa = PBXBuildFile; fileRef = 342C459222C8787200D11052 /* AppDelegate.swift */; };
		342C459522C8787200D11052 /* ViewController.swift in Sources */ = {isa = PBXBuildFile; fileRef = 342C459422C8787200D11052 /* ViewController.swift */; };
		342C459822C8787200D11052 /* Main.storyboard in Resources */ = {isa = PBXBuildFile; fileRef = 342C459622C8787200D11052 /* Main.storyboard */; };
		342C459A22C8787200D11052 /* Assets.xcassets in Resources */ = {isa = PBXBuildFile; fileRef = 342C459922C8787200D11052 /* Assets.xcassets */; };
		342C459D22C8787200D11052 /* LaunchScreen.storyboard in Resources */ = {isa = PBXBuildFile; fileRef = 342C459B22C8787200D11052 /* LaunchScreen.storyboard */; };
		9EC9C56DE1AE8A9516B03595 /* Pods_pod_local_install_test.framework in Frameworks */ = {isa = PBXBuildFile; fileRef = 45E87F55B4FCA54996C0F3F9 /* Pods_pod_local_install_test.framework */; };
/* End PBXBuildFile section */

/* Begin PBXFileReference section */
		342C458F22C8787200D11052 /* pod-local-install-test.app */ = {isa = PBXFileReference; explicitFileType = wrapper.application; includeInIndex = 0; path = "pod-local-install-test.app"; sourceTree = BUILT_PRODUCTS_DIR; };
		342C459222C8787200D11052 /* AppDelegate.swift */ = {isa = PBXFileReference; lastKnownFileType = sourcecode.swift; path = AppDelegate.swift; sourceTree = "<group>"; };
		342C459422C8787200D11052 /* ViewController.swift */ = {isa = PBXFileReference; lastKnownFileType = sourcecode.swift; path = ViewController.swift; sourceTree = "<group>"; };
		342C459722C8787200D11052 /* Base */ = {isa = PBXFileReference; lastKnownFileType = file.storyboard; name = Base; path = Base.lproj/Main.storyboard; sourceTree = "<group>"; };
		342C459922C8787200D11052 /* Assets.xcassets */ = {isa = PBXFileReference; lastKnownFileType = folder.assetcatalog; path = Assets.xcassets; sourceTree = "<group>"; };
		342C459C22C8787200D11052 /* Base */ = {isa = PBXFileReference; lastKnownFileType = file.storyboard; name = Base; path = Base.lproj/LaunchScreen.storyboard; sourceTree = "<group>"; };
		342C459E22C8787200D11052 /* Info.plist */ = {isa = PBXFileReference; lastKnownFileType = text.plist.xml; path = Info.plist; sourceTree = "<group>"; };
		45E87F55B4FCA54996C0F3F9 /* Pods_pod_local_install_test.framework */ = {isa = PBXFileReference; explicitFileType = wrapper.framework; includeInIndex = 0; path = Pods_pod_local_install_test.framework; sourceTree = BUILT_PRODUCTS_DIR; };
		5BADCCAEF61C8106D445867F /* Pods-pod-local-install-test.release.xcconfig */ = {isa = PBXFileReference; includeInIndex = 1; lastKnownFileType = text.xcconfig; name = "Pods-pod-local-install-test.release.xcconfig"; path = "Target Support Files/Pods-pod-local-install-test/Pods-pod-local-install-test.release.xcconfig"; sourceTree = "<group>"; };
		9C6498633030EC37E7F3E8E6 /* Pods-pod-local-install-test.debug.xcconfig */ = {isa = PBXFileReference; includeInIndex = 1; lastKnownFileType = text.xcconfig; name = "Pods-pod-local-install-test.debug.xcconfig"; path = "Target Support Files/Pods-pod-local-install-test/Pods-pod-local-install-test.debug.xcconfig"; sourceTree = "<group>"; };
/* End PBXFileReference section */

/* Begin PBXFrameworksBuildPhase section */
		342C458C22C8787200D11052 /* Frameworks */ = {
			isa = PBXFrameworksBuildPhase;
			buildActionMask = 2147483647;
			files = (
				9EC9C56DE1AE8A9516B03595 /* Pods_pod_local_install_test.framework in Frameworks */,
			);
			runOnlyForDeploymentPostprocessing = 0;
		};
/* End PBXFrameworksBuildPhase section */

/* Begin PBXGroup section */
		11606B6EE58476151F2E537D /* Frameworks */ = {
			isa = PBXGroup;
			children = (
				45E87F55B4FCA54996C0F3F9 /* Pods_pod_local_install_test.framework */,
			);
			name = Frameworks;
			sourceTree = "<group>";
		};
		342C458622C8787200D11052 = {
			isa = PBXGroup;
			children = (
				342C459122C8787200D11052 /* pod-local-install-test */,
				342C459022C8787200D11052 /* Products */,
				F4B54DC25A876A8F644951ED /* Pods */,
				11606B6EE58476151F2E537D /* Frameworks */,
			);
			sourceTree = "<group>";
		};
		342C459022C8787200D11052 /* Products */ = {
			isa = PBXGroup;
			children = (
				342C458F22C8787200D11052 /* pod-local-install-test.app */,
			);
			name = Products;
			sourceTree = "<group>";
		};
		342C459122C8787200D11052 /* pod-local-install-test */ = {
			isa = PBXGroup;
			children = (
				342C459222C8787200D11052 /* AppDelegate.swift */,
				342C459422C8787200D11052 /* ViewController.swift */,
				342C459622C8787200D11052 /* Main.storyboard */,
				342C459922C8787200D11052 /* Assets.xcassets */,
				342C459B22C8787200D11052 /* LaunchScreen.storyboard */,
				342C459E22C8787200D11052 /* Info.plist */,
			);
			path = "pod-local-install-test";
			sourceTree = "<group>";
		};
		F4B54DC25A876A8F644951ED /* Pods */ = {
			isa = PBXGroup;
			children = (
				9C6498633030EC37E7F3E8E6 /* Pods-pod-local-install-test.debug.xcconfig */,
				5BADCCAEF61C8106D445867F /* Pods-pod-local-install-test.release.xcconfig */,
			);
			name = Pods;
			path = Pods;
			sourceTree = "<group>";
		};
/* End PBXGroup section */

/* Begin PBXNativeTarget section */
		342C458E22C8787200D11052 /* pod-local-install-test */ = {
			isa = PBXNativeTarget;
			buildConfigurationList = 342C45A122C8787200D11052 /* Build configuration list for PBXNativeTarget "pod-local-install-test" */;
			buildPhases = (
				0A1082608D07836978351269 /* [CP] Check Pods Manifest.lock */,
				342C458B22C8787200D11052 /* Sources */,
				342C458C22C8787200D11052 /* Frameworks */,
				342C458D22C8787200D11052 /* Resources */,
				2EA334D2C6F3B95498F9F29A /* [CP] Embed Pods Frameworks */,
			);
			buildRules = (
			);
			dependencies = (
			);
			name = "pod-local-install-test";
			productName = "pod-local-install-test";
			productReference = 342C458F22C8787200D11052 /* pod-local-install-test.app */;
			productType = "com.apple.product-type.application";
		};
/* End PBXNativeTarget section */

/* Begin PBXProject section */
		342C458722C8787200D11052 /* Project object */ = {
			isa = PBXProject;
			attributes = {
				LastSwiftUpdateCheck = 1020;
				LastUpgradeCheck = 1020;
				ORGANIZATIONNAME = becky;
				TargetAttributes = {
					342C458E22C8787200D11052 = {
						CreatedOnToolsVersion = 10.2.1;
					};
				};
			};
			buildConfigurationList = 342C458A22C8787200D11052 /* Build configuration list for PBXProject "pod-local-install-test" */;
			compatibilityVersion = "Xcode 9.3";
			developmentRegion = en;
			hasScannedForEncodings = 0;
			knownRegions = (
				en,
				Base,
			);
			mainGroup = 342C458622C8787200D11052;
			productRefGroup = 342C459022C8787200D11052 /* Products */;
			projectDirPath = "";
			projectRoot = "";
			targets = (
				342C458E22C8787200D11052 /* pod-local-install-test */,
			);
		};
/* End PBXProject section */

/* Begin PBXResourcesBuildPhase section */
		342C458D22C8787200D11052 /* Resources */ = {
			isa = PBXResourcesBuildPhase;
			buildActionMask = 2147483647;
			files = (
				342C459D22C8787200D11052 /* LaunchScreen.storyboard in Resources */,
				342C459A22C8787200D11052 /* Assets.xcassets in Resources */,
				342C459822C8787200D11052 /* Main.storyboard in Resources */,
			);
			runOnlyForDeploymentPostprocessing = 0;
		};
/* End PBXResourcesBuildPhase section */

/* Begin PBXShellScriptBuildPhase section */
		0A1082608D07836978351269 /* [CP] Check Pods Manifest.lock */ = {
			isa = PBXShellScriptBuildPhase;
			buildActionMask = 2147483647;
			files = (
			);
			inputFileListPaths = (
			);
			inputPaths = (
				"${PODS_PODFILE_DIR_PATH}/Podfile.lock",
				"${PODS_ROOT}/Manifest.lock",
			);
			name = "[CP] Check Pods Manifest.lock";
			outputFileListPaths = (
			);
			outputPaths = (
				"$(DERIVED_FILE_DIR)/Pods-pod-local-install-test-checkManifestLockResult.txt",
			);
			runOnlyForDeploymentPostprocessing = 0;
			shellPath = /bin/sh;
			shellScript = "diff \"${PODS_PODFILE_DIR_PATH}/Podfile.lock\" \"${PODS_ROOT}/Manifest.lock\" > /dev/null\nif [ $? != 0 ] ; then\n    # print error to STDERR\n    echo \"error: The sandbox is not in sync with the Podfile.lock. Run 'pod install' or update your CocoaPods installation.\" >&2\n    exit 1\nfi\n# This output is used by Xcode 'outputs' to avoid re-running this script phase.\necho \"SUCCESS\" > \"${SCRIPT_OUTPUT_FILE_0}\"\n";
			showEnvVarsInLog = 0;
		};
		2EA334D2C6F3B95498F9F29A /* [CP] Embed Pods Frameworks */ = {
			isa = PBXShellScriptBuildPhase;
			buildActionMask = 2147483647;
			files = (
			);
			inputFileListPaths = (
				"${PODS_ROOT}/Target Support Files/Pods-pod-local-install-test/Pods-pod-local-install-test-frameworks-${CONFIGURATION}-input-files.xcfilelist",
			);
			name = "[CP] Embed Pods Frameworks";
			outputFileListPaths = (
				"${PODS_ROOT}/Target Support Files/Pods-pod-local-install-test/Pods-pod-local-install-test-frameworks-${CONFIGURATION}-output-files.xcfilelist",
			);
			runOnlyForDeploymentPostprocessing = 0;
			shellPath = /bin/sh;
			shellScript = "\"${PODS_ROOT}/Target Support Files/Pods-pod-local-install-test/Pods-pod-local-install-test-frameworks.sh\"\n";
			showEnvVarsInLog = 0;
		};
/* End PBXShellScriptBuildPhase section */

/* Begin PBXSourcesBuildPhase section */
		342C458B22C8787200D11052 /* Sources */ = {
			isa = PBXSourcesBuildPhase;
			buildActionMask = 2147483647;
			files = (
				342C459522C8787200D11052 /* ViewController.swift in Sources */,
				342C459322C8787200D11052 /* AppDelegate.swift in Sources */,
			);
			runOnlyForDeploymentPostprocessing = 0;
		};
/* End PBXSourcesBuildPhase section */

/* Begin PBXVariantGroup section */
		342C459622C8787200D11052 /* Main.storyboard */ = {
			isa = PBXVariantGroup;
			children = (
				342C459722C8787200D11052 /* Base */,
			);
			name = Main.storyboard;
			sourceTree = "<group>";
		};
		342C459B22C8787200D11052 /* LaunchScreen.storyboard */ = {
			isa = PBXVariantGroup;
			children = (
				342C459C22C8787200D11052 /* Base */,
			);
			name = LaunchScreen.storyboard;
			sourceTree = "<group>";
		};
/* End PBXVariantGroup section */

/* Begin XCBuildConfiguration section */
		342C459F22C8787200D11052 /* Debug */ = {
			isa = XCBuildConfiguration;
			buildSettings = {
				ALWAYS_SEARCH_USER_PATHS = NO;
				CLANG_ANALYZER_NONNULL = YES;
				CLANG_ANALYZER_NUMBER_OBJECT_CONVERSION = YES_AGGRESSIVE;
				CLANG_CXX_LANGUAGE_STANDARD = "gnu++14";
				CLANG_CXX_LIBRARY = "libc++";
				CLANG_ENABLE_MODULES = YES;
				CLANG_ENABLE_OBJC_ARC = YES;
				CLANG_ENABLE_OBJC_WEAK = YES;
				CLANG_WARN_BLOCK_CAPTURE_AUTORELEASING = YES;
				CLANG_WARN_BOOL_CONVERSION = YES;
				CLANG_WARN_COMMA = YES;
				CLANG_WARN_CONSTANT_CONVERSION = YES;
				CLANG_WARN_DEPRECATED_OBJC_IMPLEMENTATIONS = YES;
				CLANG_WARN_DIRECT_OBJC_ISA_USAGE = YES_ERROR;
				CLANG_WARN_DOCUMENTATION_COMMENTS = YES;
				CLANG_WARN_EMPTY_BODY = YES;
				CLANG_WARN_ENUM_CONVERSION = YES;
				CLANG_WARN_INFINITE_RECURSION = YES;
				CLANG_WARN_INT_CONVERSION = YES;
				CLANG_WARN_NON_LITERAL_NULL_CONVERSION = YES;
				CLANG_WARN_OBJC_IMPLICIT_RETAIN_SELF = YES;
				CLANG_WARN_OBJC_LITERAL_CONVERSION = YES;
				CLANG_WARN_OBJC_ROOT_CLASS = YES_ERROR;
				CLANG_WARN_RANGE_LOOP_ANALYSIS = YES;
				CLANG_WARN_STRICT_PROTOTYPES = YES;
				CLANG_WARN_SUSPICIOUS_MOVE = YES;
				CLANG_WARN_UNGUARDED_AVAILABILITY = YES_AGGRESSIVE;
				CLANG_WARN_UNREACHABLE_CODE = YES;
				CLANG_WARN__DUPLICATE_METHOD_MATCH = YES;
				CODE_SIGN_IDENTITY = "iPhone Developer";
				COPY_PHASE_STRIP = NO;
				DEBUG_INFORMATION_FORMAT = dwarf;
				ENABLE_STRICT_OBJC_MSGSEND = YES;
				ENABLE_TESTABILITY = YES;
				GCC_C_LANGUAGE_STANDARD = gnu11;
				GCC_DYNAMIC_NO_PIC = NO;
				GCC_NO_COMMON_BLOCKS = YES;
				GCC_OPTIMIZATION_LEVEL = 0;
				GCC_PREPROCESSOR_DEFINITIONS = (
					"DEBUG=1",
					"$(inherited)",
				);
				GCC_WARN_64_TO_32_BIT_CONVERSION = YES;
				GCC_WARN_ABOUT_RETURN_TYPE = YES_ERROR;
				GCC_WARN_UNDECLARED_SELECTOR = YES;
				GCC_WARN_UNINITIALIZED_AUTOS = YES_AGGRESSIVE;
				GCC_WARN_UNUSED_FUNCTION = YES;
				GCC_WARN_UNUSED_VARIABLE = YES;
				IPHONEOS_DEPLOYMENT_TARGET = 12.2;
				MTL_ENABLE_DEBUG_INFO = INCLUDE_SOURCE;
				MTL_FAST_MATH = YES;
				ONLY_ACTIVE_ARCH = YES;
				SDKROOT = iphoneos;
				SWIFT_ACTIVE_COMPILATION_CONDITIONS = DEBUG;
				SWIFT_OPTIMIZATION_LEVEL = "-Onone";
			};
			name = Debug;
		};
		342C45A022C8787200D11052 /* Release */ = {
			isa = XCBuildConfiguration;
			buildSettings = {
				ALWAYS_SEARCH_USER_PATHS = NO;
				CLANG_ANALYZER_NONNULL = YES;
				CLANG_ANALYZER_NUMBER_OBJECT_CONVERSION = YES_AGGRESSIVE;
				CLANG_CXX_LANGUAGE_STANDARD = "gnu++14";
				CLANG_CXX_LIBRARY = "libc++";
				CLANG_ENABLE_MODULES = YES;
				CLANG_ENABLE_OBJC_ARC = YES;
				CLANG_ENABLE_OBJC_WEAK = YES;
				CLANG_WARN_BLOCK_CAPTURE_AUTORELEASING = YES;
				CLANG_WARN_BOOL_CONVERSION = YES;
				CLANG_WARN_COMMA = YES;
				CLANG_WARN_CONSTANT_CONVERSION = YES;
				CLANG_WARN_DEPRECATED_OBJC_IMPLEMENTATIONS = YES;
				CLANG_WARN_DIRECT_OBJC_ISA_USAGE = YES_ERROR;
				CLANG_WARN_DOCUMENTATION_COMMENTS = YES;
				CLANG_WARN_EMPTY_BODY = YES;
				CLANG_WARN_ENUM_CONVERSION = YES;
				CLANG_WARN_INFINITE_RECURSION = YES;
				CLANG_WARN_INT_CONVERSION = YES;
				CLANG_WARN_NON_LITERAL_NULL_CONVERSION = YES;
				CLANG_WARN_OBJC_IMPLICIT_RETAIN_SELF = YES;
				CLANG_WARN_OBJC_LITERAL_CONVERSION = YES;
				CLANG_WARN_OBJC_ROOT_CLASS = YES_ERROR;
				CLANG_WARN_RANGE_LOOP_ANALYSIS = YES;
				CLANG_WARN_STRICT_PROTOTYPES = YES;
				CLANG_WARN_SUSPICIOUS_MOVE = YES;
				CLANG_WARN_UNGUARDED_AVAILABILITY = YES_AGGRESSIVE;
				CLANG_WARN_UNREACHABLE_CODE = YES;
				CLANG_WARN__DUPLICATE_METHOD_MATCH = YES;
				CODE_SIGN_IDENTITY = "iPhone Developer";
				COPY_PHASE_STRIP = NO;
				DEBUG_INFORMATION_FORMAT = "dwarf-with-dsym";
				ENABLE_NS_ASSERTIONS = NO;
				ENABLE_STRICT_OBJC_MSGSEND = YES;
				GCC_C_LANGUAGE_STANDARD = gnu11;
				GCC_NO_COMMON_BLOCKS = YES;
				GCC_WARN_64_TO_32_BIT_CONVERSION = YES;
				GCC_WARN_ABOUT_RETURN_TYPE = YES_ERROR;
				GCC_WARN_UNDECLARED_SELECTOR = YES;
				GCC_WARN_UNINITIALIZED_AUTOS = YES_AGGRESSIVE;
				GCC_WARN_UNUSED_FUNCTION = YES;
				GCC_WARN_UNUSED_VARIABLE = YES;
				IPHONEOS_DEPLOYMENT_TARGET = 12.2;
				MTL_ENABLE_DEBUG_INFO = NO;
				MTL_FAST_MATH = YES;
				SDKROOT = iphoneos;
				SWIFT_COMPILATION_MODE = wholemodule;
				SWIFT_OPTIMIZATION_LEVEL = "-O";
				VALIDATE_PRODUCT = YES;
			};
			name = Release;
		};
		342C45A222C8787200D11052 /* Debug */ = {
			isa = XCBuildConfiguration;
			baseConfigurationReference = 9C6498633030EC37E7F3E8E6 /* Pods-pod-local-install-test.debug.xcconfig */;
			buildSettings = {
				ASSETCATALOG_COMPILER_APPICON_NAME = AppIcon;
				CODE_SIGN_STYLE = Automatic;
				INFOPLIST_FILE = "pod-local-install-test/Info.plist";
				LD_RUNPATH_SEARCH_PATHS = (
					"$(inherited)",
					"@executable_path/Frameworks",
				);
				PRODUCT_BUNDLE_IDENTIFIER = "test.pod-local-install-test";
				PRODUCT_NAME = "$(TARGET_NAME)";
				SWIFT_VERSION = 5.0;
				TARGETED_DEVICE_FAMILY = "1,2";
			};
			name = Debug;
		};
		342C45A322C8787200D11052 /* Release */ = {
			isa = XCBuildConfiguration;
			baseConfigurationReference = 5BADCCAEF61C8106D445867F /* Pods-pod-local-install-test.release.xcconfig */;
			buildSettings = {
				ASSETCATALOG_COMPILER_APPICON_NAME = AppIcon;
				CODE_SIGN_STYLE = Automatic;
				INFOPLIST_FILE = "pod-local-install-test/Info.plist";
				LD_RUNPATH_SEARCH_PATHS = (
					"$(inherited)",
					"@executable_path/Frameworks",
				);
				PRODUCT_BUNDLE_IDENTIFIER = "test.pod-local-install-test";
				PRODUCT_NAME = "$(TARGET_NAME)";
				SWIFT_VERSION = 5.0;
				TARGETED_DEVICE_FAMILY = "1,2";
			};
			name = Release;
		};
/* End XCBuildConfiguration section */

/* Begin XCConfigurationList section */
		342C458A22C8787200D11052 /* Build configuration list for PBXProject "pod-local-install-test" */ = {
			isa = XCConfigurationList;
			buildConfigurations = (
				342C459F22C8787200D11052 /* Debug */,
				342C45A022C8787200D11052 /* Release */,
			);
			defaultConfigurationIsVisible = 0;
			defaultConfigurationName = Release;
		};
		342C45A122C8787200D11052 /* Build configuration list for PBXNativeTarget "pod-local-install-test" */ = {
			isa = XCConfigurationList;
			buildConfigurations = (
				342C45A222C8787200D11052 /* Debug */,
				342C45A322C8787200D11052 /* Release */,
			);
			defaultConfigurationIsVisible = 0;
			defaultConfigurationName = Release;
		};
/* End XCConfigurationList section */
	};
	rootObject = 342C458722C8787200D11052 /* Project object */;
}
